
Microsoft Visual Studio Solution File, Format Version 12.00
# Visual Studio Version 17
VisualStudioVersion = 17.1.32328.378
MinimumVisualStudioVersion = 10.0.40219.1
Project("{9A19103F-16F7-4668-BE54-9A1E7A4F7556}") = "AkakceProject.API", "AkakceProject.API.csproj", "{92978FAA-05B4-475E-8478-1A71966C676A}"
EndProject
Project("{9A19103F-16F7-4668-BE54-9A1E7A4F7556}") = "AkakceProject.Core", "..\AkakceProject.Core\AkakceProject.Core.csproj", "{DA744F69-FACB-4FB4-ADF3-9C687D419EE3}"
EndProject
Project("{9A19103F-16F7-4668-BE54-9A1E7A4F7556}") = "AkakceProject.Application", "..\AkakceProject.Application\AkakceProject.Application.csproj", "{01D3878F-EC00-4478-97C0-27FBE8FC17ED}"
EndProject
Project("{9A19103F-16F7-4668-BE54-9A1E7A4F7556}") = "AkakceProject.Infrastructure", "..\AkakceProject.Infrastructure\AkakceProject.Infrastructure.csproj", "{A9F8D242-278E-42E1-A94C-7383C6FBA418}"
EndProject
Project("{FAE04EC0-301F-11D3-BF4B-00C04F79EFBC}") = "AkakceProject.Tests", "..\AkakceProject.Tests\AkakceProject.Tests.csproj", "{E6B2F930-8938-4DE2-B0BE-4C450968C2BC}"
EndProject
Global
	GlobalSection(SolutionConfigurationPlatforms) = preSolution
		Debug|Any CPU = Debug|Any CPU
		Release|Any CPU = Release|Any CPU
	EndGlobalSection
	GlobalSection(ProjectConfigurationPlatforms) = postSolution
		{92978FAA-05B4-475E-8478-1A71966C676A}.Debug|Any CPU.ActiveCfg = Debug|Any CPU
		{92978FAA-05B4-475E-8478-1A71966C676A}.Debug|Any CPU.Build.0 = Debug|Any CPU
		{92978FAA-05B4-475E-8478-1A71966C676A}.Release|Any CPU.ActiveCfg = Release|Any CPU
		{92978FAA-05B4-475E-8478-1A71966C676A}.Release|Any CPU.Build.0 = Release|Any CPU
		{DA744F69-FACB-4FB4-ADF3-9C687D419EE3}.Debug|Any CPU.ActiveCfg = Debug|Any CPU
		{DA744F69-FACB-4FB4-ADF3-9C687D419EE3}.Debug|Any CPU.Build.0 = Debug|Any CPU
		{DA744F69-FACB-4FB4-ADF3-9C687D419EE3}.Release|Any CPU.ActiveCfg = Release|Any CPU
		{DA744F69-FACB-4FB4-ADF3-9C687D419EE3}.Release|Any CPU.Build.0 = Release|Any CPU
		{01D3878F-EC00-4478-97C0-27FBE8FC17ED}.Debug|Any CPU.ActiveCfg = Debug|Any CPU
		{01D3878F-EC00-4478-97C0-27FBE8FC17ED}.Debug|Any CPU.Build.0 = Debug|Any CPU
		{01D3878F-EC00-4478-97C0-27FBE8FC17ED}.Release|Any CPU.ActiveCfg = Release|Any CPU
		{01D3878F-EC00-4478-97C0-27FBE8FC17ED}.Release|Any CPU.Build.0 = Release|Any CPU
		{A9F8D242-278E-42E1-A94C-7383C6FBA418}.Debug|Any CPU.ActiveCfg = Debug|Any CPU
		{A9F8D242-278E-42E1-A94C-7383C6FBA418}.Debug|Any CPU.Build.0 = Debug|Any CPU
		{A9F8D242-278E-42E1-A94C-7383C6FBA418}.Release|Any CPU.ActiveCfg = Release|Any CPU
		{A9F8D242-278E-42E1-A94C-7383C6FBA418}.Release|Any CPU.Build.0 = Release|Any CPU
		{E6B2F930-8938-4DE2-B0BE-4C450968C2BC}.Debug|Any CPU.ActiveCfg = Debug|Any CPU
		{E6B2F930-8938-4DE2-B0BE-4C450968C2BC}.Debug|Any CPU.Build.0 = Debug|Any CPU
		{E6B2F930-8938-4DE2-B0BE-4C450968C2BC}.Release|Any CPU.ActiveCfg = Release|Any CPU
		{E6B2F930-8938-4DE2-B0BE-4C450968C2BC}.Release|Any CPU.Build.0 = Release|Any CPU
	EndGlobalSection
	GlobalSection(SolutionProperties) = preSolution
		HideSolutionNode = FALSE
	EndGlobalSection
	GlobalSection(ExtensibilityGlobals) = postSolution
		SolutionGuid = {126E2E13-183A-4CCE-94CE-94E8C2B37CD7}
	EndGlobalSection
EndGlobal
